
Microsoft Visual Studio Solution File, Format Version 12.00
# Visual Studio 15
VisualStudioVersion = 15.0.28307.779
MinimumVisualStudioVersion = 10.0.40219.1
Project("{FAE04EC0-301F-11D3-BF4B-00C04F79EFBC}") = "SkolaMvc", "SkolaMvc\SkolaMvc.csproj", "{5A193432-1463-4C88-8039-487D362F56F7}"
EndProject
Global
	GlobalSection(SolutionConfigurationPlatforms) = preSolution
		Debug|Any CPU = Debug|Any CPU
		Release|Any CPU = Release|Any CPU
	EndGlobalSection
	GlobalSection(ProjectConfigurationPlatforms) = postSolution
		{5A193432-1463-4C88-8039-487D362F56F7}.Debug|Any CPU.ActiveCfg = Debug|Any CPU
		{5A193432-1463-4C88-8039-487D362F56F7}.Debug|Any CPU.Build.0 = Debug|Any CPU
		{5A193432-1463-4C88-8039-487D362F56F7}.Release|Any CPU.ActiveCfg = Release|Any CPU
		{5A193432-1463-4C88-8039-487D362F56F7}.Release|Any CPU.Build.0 = Release|Any CPU
	EndGlobalSection
	GlobalSection(SolutionProperties) = preSolution
		HideSolutionNode = FALSE
	EndGlobalSection
	GlobalSection(ExtensibilityGlobals) = postSolution
		SolutionGuid = {51FF3552-8CC9-4B01-B03C-7299DDA9958A}
	EndGlobalSection
EndGlobal
